
Microsoft Visual Studio Solution File, Format Version 12.00
# Visual Studio Version 16
VisualStudioVersion = 16.0.29306.81
MinimumVisualStudioVersion = 10.0.40219.1
Project("{FAE04EC0-301F-11D3-BF4B-00C04F79EFBC}") = "PSP1Strategy", "PSP1\PSP1Strategy.csproj", "{76B98C04-DD82-4434-91D1-0698DB244514}"
EndProject
Project("{FAE04EC0-301F-11D3-BF4B-00C04F79EFBC}") = "PSP1Template", "PSP1Template\PSP1Template.csproj", "{669A92C0-51D2-4C07-951B-F5C0A44EEA29}"
EndProject
Project("{FAE04EC0-301F-11D3-BF4B-00C04F79EFBC}") = "PSP1Delegation", "PSP1Delegation\PSP1Delegation.csproj", "{25ADDD34-6EA7-4996-9C7B-E47CC4B0D5AD}"
EndProject
Global
	GlobalSection(SolutionConfigurationPlatforms) = preSolution
		Debug|Any CPU = Debug|Any CPU
		Release|Any CPU = Release|Any CPU
	EndGlobalSection
	GlobalSection(ProjectConfigurationPlatforms) = postSolution
		{76B98C04-DD82-4434-91D1-0698DB244514}.Debug|Any CPU.ActiveCfg = Debug|Any CPU
		{76B98C04-DD82-4434-91D1-0698DB244514}.Debug|Any CPU.Build.0 = Debug|Any CPU
		{76B98C04-DD82-4434-91D1-0698DB244514}.Release|Any CPU.ActiveCfg = Release|Any CPU
		{76B98C04-DD82-4434-91D1-0698DB244514}.Release|Any CPU.Build.0 = Release|Any CPU
		{669A92C0-51D2-4C07-951B-F5C0A44EEA29}.Debug|Any CPU.ActiveCfg = Debug|Any CPU
		{669A92C0-51D2-4C07-951B-F5C0A44EEA29}.Debug|Any CPU.Build.0 = Debug|Any CPU
		{669A92C0-51D2-4C07-951B-F5C0A44EEA29}.Release|Any CPU.ActiveCfg = Release|Any CPU
		{669A92C0-51D2-4C07-951B-F5C0A44EEA29}.Release|Any CPU.Build.0 = Release|Any CPU
		{25ADDD34-6EA7-4996-9C7B-E47CC4B0D5AD}.Debug|Any CPU.ActiveCfg = Debug|Any CPU
		{25ADDD34-6EA7-4996-9C7B-E47CC4B0D5AD}.Debug|Any CPU.Build.0 = Debug|Any CPU
		{25ADDD34-6EA7-4996-9C7B-E47CC4B0D5AD}.Release|Any CPU.ActiveCfg = Release|Any CPU
		{25ADDD34-6EA7-4996-9C7B-E47CC4B0D5AD}.Release|Any CPU.Build.0 = Release|Any CPU
	EndGlobalSection
	GlobalSection(SolutionProperties) = preSolution
		HideSolutionNode = FALSE
	EndGlobalSection
	GlobalSection(ExtensibilityGlobals) = postSolution
		SolutionGuid = {6A83A10F-93E2-4061-8085-8B5F51E19A59}
	EndGlobalSection
EndGlobal
